// !$*UTF8*$!
{
	archiveVersion = 1;
	classes = {
	};
	objectVersion = 77;
	objects = {

/* Begin PBXContainerItemProxy section */
		507620402D65BE6F002830BE /* PBXContainerItemProxy */ = {
			isa = PBXContainerItemProxy;
			containerPortal = 507620212D65BE6E002830BE /* Project object */;
			proxyType = 1;
			remoteGlobalIDString = 507620282D65BE6E002830BE;
			remoteInfo = "Poinku-DS";
		};
		5076204A2D65BE6F002830BE /* PBXContainerItemProxy */ = {
			isa = PBXContainerItemProxy;
			containerPortal = 507620212D65BE6E002830BE /* Project object */;
			proxyType = 1;
			remoteGlobalIDString = 507620282D65BE6E002830BE;
			remoteInfo = "Poinku-DS";
		};
/* End PBXContainerItemProxy section */

/* Begin PBXFileReference section */
		507620292D65BE6E002830BE /* Poinku-DS.app */ = {isa = PBXFileReference; explicitFileType = wrapper.application; includeInIndex = 0; path = "Poinku-DS.app"; sourceTree = BUILT_PRODUCTS_DIR; };
		5076203F2D65BE6F002830BE /* Poinku-DSTests.xctest */ = {isa = PBXFileReference; explicitFileType = wrapper.cfbundle; includeInIndex = 0; path = "Poinku-DSTests.xctest"; sourceTree = BUILT_PRODUCTS_DIR; };
		507620492D65BE6F002830BE /* Poinku-DSUITests.xctest */ = {isa = PBXFileReference; explicitFileType = wrapper.cfbundle; includeInIndex = 0; path = "Poinku-DSUITests.xctest"; sourceTree = BUILT_PRODUCTS_DIR; };
/* End PBXFileReference section */

/* Begin PBXFileSystemSynchronizedBuildFileExceptionSet section */
		507620512D65BE6F002830BE /* Exceptions for "Poinku-DS" folder in "Poinku-DS" target */ = {
			isa = PBXFileSystemSynchronizedBuildFileExceptionSet;
			membershipExceptions = (
				Info.plist,
			);
			target = 507620282D65BE6E002830BE /* Poinku-DS */;
		};
/* End PBXFileSystemSynchronizedBuildFileExceptionSet section */

/* Begin PBXFileSystemSynchronizedRootGroup section */
		5076202B2D65BE6E002830BE /* Poinku-DS */ = {
			isa = PBXFileSystemSynchronizedRootGroup;
			exceptions = (
				507620512D65BE6F002830BE /* Exceptions for "Poinku-DS" folder in "Poinku-DS" target */,
			);
			path = "Poinku-DS";
			sourceTree = "<group>";
		};
		507620422D65BE6F002830BE /* Poinku-DSTests */ = {
			isa = PBXFileSystemSynchronizedRootGroup;
			path = "Poinku-DSTests";
			sourceTree = "<group>";
		};
		5076204C2D65BE6F002830BE /* Poinku-DSUITests */ = {
			isa = PBXFileSystemSynchronizedRootGroup;
			path = "Poinku-DSUITests";
			sourceTree = "<group>";
		};
/* End PBXFileSystemSynchronizedRootGroup section */

/* Begin PBXFrameworksBuildPhase section */
		507620262D65BE6E002830BE /* Frameworks */ = {
			isa = PBXFrameworksBuildPhase;
			buildActionMask = 2147483647;
			files = (
			);
			runOnlyForDeploymentPostprocessing = 0;
		};
		5076203C2D65BE6F002830BE /* Frameworks */ = {
			isa = PBXFrameworksBuildPhase;
			buildActionMask = 2147483647;
			files = (
			);
			runOnlyForDeploymentPostprocessing = 0;
		};
		507620462D65BE6F002830BE /* Frameworks */ = {
			isa = PBXFrameworksBuildPhase;
			buildActionMask = 2147483647;
			files = (
			);
			runOnlyForDeploymentPostprocessing = 0;
		};
/* End PBXFrameworksBuildPhase section */

/* Begin PBXGroup section */
		507620202D65BE6E002830BE = {
			isa = PBXGroup;
			children = (
				5076202B2D65BE6E002830BE /* Poinku-DS */,
				507620422D65BE6F002830BE /* Poinku-DSTests */,
				5076204C2D65BE6F002830BE /* Poinku-DSUITests */,
				5076202A2D65BE6E002830BE /* Products */,
			);
			sourceTree = "<group>";
		};
		5076202A2D65BE6E002830BE /* Products */ = {
			isa = PBXGroup;
			children = (
				507620292D65BE6E002830BE /* Poinku-DS.app */,
				5076203F2D65BE6F002830BE /* Poinku-DSTests.xctest */,
				507620492D65BE6F002830BE /* Poinku-DSUITests.xctest */,
			);
			name = Products;
			sourceTree = "<group>";
		};
/* End PBXGroup section */

/* Begin PBXNativeTarget section */
		507620282D65BE6E002830BE /* Poinku-DS */ = {
			isa = PBXNativeTarget;
			buildConfigurationList = 507620522D65BE6F002830BE /* Build configuration list for PBXNativeTarget "Poinku-DS" */;
			buildPhases = (
				507620252D65BE6E002830BE /* Sources */,
				507620262D65BE6E002830BE /* Frameworks */,
				507620272D65BE6E002830BE /* Resources */,
			);
			buildRules = (
			);
			dependencies = (
			);
			fileSystemSynchronizedGroups = (
				5076202B2D65BE6E002830BE /* Poinku-DS */,
			);
			name = "Poinku-DS";
			packageProductDependencies = (
			);
			productName = "Poinku-DS";
			productReference = 507620292D65BE6E002830BE /* Poinku-DS.app */;
			productType = "com.apple.product-type.application";
		};
		5076203E2D65BE6F002830BE /* Poinku-DSTests */ = {
			isa = PBXNativeTarget;
			buildConfigurationList = 507620572D65BE6F002830BE /* Build configuration list for PBXNativeTarget "Poinku-DSTests" */;
			buildPhases = (
				5076203B2D65BE6F002830BE /* Sources */,
				5076203C2D65BE6F002830BE /* Frameworks */,
				5076203D2D65BE6F002830BE /* Resources */,
			);
			buildRules = (
			);
			dependencies = (
				507620412D65BE6F002830BE /* PBXTargetDependency */,
			);
			fileSystemSynchronizedGroups = (
				507620422D65BE6F002830BE /* Poinku-DSTests */,
			);
			name = "Poinku-DSTests";
			packageProductDependencies = (
			);
			productName = "Poinku-DSTests";
			productReference = 5076203F2D65BE6F002830BE /* Poinku-DSTests.xctest */;
			productType = "com.apple.product-type.bundle.unit-test";
		};
		507620482D65BE6F002830BE /* Poinku-DSUITests */ = {
			isa = PBXNativeTarget;
			buildConfigurationList = 5076205A2D65BE6F002830BE /* Build configuration list for PBXNativeTarget "Poinku-DSUITests" */;
			buildPhases = (
				507620452D65BE6F002830BE /* Sources */,
				507620462D65BE6F002830BE /* Frameworks */,
				507620472D65BE6F002830BE /* Resources */,
			);
			buildRules = (
			);
			dependencies = (
				5076204B2D65BE6F002830BE /* PBXTargetDependency */,
			);
			fileSystemSynchronizedGroups = (
				5076204C2D65BE6F002830BE /* Poinku-DSUITests */,
			);
			name = "Poinku-DSUITests";
			packageProductDependencies = (
			);
			productName = "Poinku-DSUITests";
			productReference = 507620492D65BE6F002830BE /* Poinku-DSUITests.xctest */;
			productType = "com.apple.product-type.bundle.ui-testing";
		};
/* End PBXNativeTarget section */

/* Begin PBXProject section */
		507620212D65BE6E002830BE /* Project object */ = {
			isa = PBXProject;
			attributes = {
				BuildIndependentTargetsInParallel = 1;
				LastSwiftUpdateCheck = 1610;
				LastUpgradeCheck = 1610;
				TargetAttributes = {
					507620282D65BE6E002830BE = {
						CreatedOnToolsVersion = 16.1;
					};
					5076203E2D65BE6F002830BE = {
						CreatedOnToolsVersion = 16.1;
						TestTargetID = 507620282D65BE6E002830BE;
					};
					507620482D65BE6F002830BE = {
						CreatedOnToolsVersion = 16.1;
						TestTargetID = 507620282D65BE6E002830BE;
					};
				};
			};
			buildConfigurationList = 507620242D65BE6E002830BE /* Build configuration list for PBXProject "Poinku-DS" */;
			developmentRegion = en;
			hasScannedForEncodings = 0;
			knownRegions = (
				en,
				Base,
			);
			mainGroup = 507620202D65BE6E002830BE;
			minimizedProjectReferenceProxies = 1;
			preferredProjectObjectVersion = 77;
			productRefGroup = 5076202A2D65BE6E002830BE /* Products */;
			projectDirPath = "";
			projectRoot = "";
			targets = (
				507620282D65BE6E002830BE /* Poinku-DS */,
				5076203E2D65BE6F002830BE /* Poinku-DSTests */,
				507620482D65BE6F002830BE /* Poinku-DSUITests */,
			);
		};
/* End PBXProject section */

/* Begin PBXResourcesBuildPhase section */
		507620272D65BE6E002830BE /* Resources */ = {
			isa = PBXResourcesBuildPhase;
			buildActionMask = 2147483647;
			files = (
			);
			runOnlyForDeploymentPostprocessing = 0;
		};
		5076203D2D65BE6F002830BE /* Resources */ = {
			isa = PBXResourcesBuildPhase;
			buildActionMask = 2147483647;
			files = (
			);
			runOnlyForDeploymentPostprocessing = 0;
		};
		507620472D65BE6F002830BE /* Resources */ = {
			isa = PBXResourcesBuildPhase;
			buildActionMask = 2147483647;
			files = (
			);
			runOnlyForDeploymentPostprocessing = 0;
		};
/* End PBXResourcesBuildPhase section */

/* Begin PBXSourcesBuildPhase section */
		507620252D65BE6E002830BE /* Sources */ = {
			isa = PBXSourcesBuildPhase;
			buildActionMask = 2147483647;
			files = (
			);
			runOnlyForDeploymentPostprocessing = 0;
		};
		5076203B2D65BE6F002830BE /* Sources */ = {
			isa = PBXSourcesBuildPhase;
			buildActionMask = 2147483647;
			files = (
			);
			runOnlyForDeploymentPostprocessing = 0;
		};
		507620452D65BE6F002830BE /* Sources */ = {
			isa = PBXSourcesBuildPhase;
			buildActionMask = 2147483647;
			files = (
			);
			runOnlyForDeploymentPostprocessing = 0;
		};
/* End PBXSourcesBuildPhase section */

/* Begin PBXTargetDependency section */
		507620412D65BE6F002830BE /* PBXTargetDependency */ = {
			isa = PBXTargetDependency;
			target = 507620282D65BE6E002830BE /* Poinku-DS */;
			targetProxy = 507620402D65BE6F002830BE /* PBXContainerItemProxy */;
		};
		5076204B2D65BE6F002830BE /* PBXTargetDependency */ = {
			isa = PBXTargetDependency;
			target = 507620282D65BE6E002830BE /* Poinku-DS */;
			targetProxy = 5076204A2D65BE6F002830BE /* PBXContainerItemProxy */;
		};
/* End PBXTargetDependency section */

/* Begin XCBuildConfiguration section */
		507620532D65BE6F002830BE /* Debug */ = {
			isa = XCBuildConfiguration;
			buildSettings = {
				ASSETCATALOG_COMPILER_APPICON_NAME = AppIcon;
				ASSETCATALOG_COMPILER_GLOBAL_ACCENT_COLOR_NAME = AccentColor;
				CODE_SIGN_STYLE = Automatic;
				CURRENT_PROJECT_VERSION = 1;
				DEVELOPMENT_TEAM = MHKJ3B9LJR;
				GENERATE_INFOPLIST_FILE = YES;
				INFOPLIST_FILE = "Poinku-DS/Info.plist";
				INFOPLIST_KEY_UIApplicationSupportsIndirectInputEvents = YES;
				INFOPLIST_KEY_UILaunchStoryboardName = LaunchScreen;
				INFOPLIST_KEY_UIMainStoryboardFile = Main;
				INFOPLIST_KEY_UISupportedInterfaceOrientations_iPad = "UIInterfaceOrientationPortrait UIInterfaceOrientationPortraitUpsideDown UIInterfaceOrientationLandscapeLeft UIInterfaceOrientationLandscapeRight";
				INFOPLIST_KEY_UISupportedInterfaceOrientations_iPhone = "UIInterfaceOrientationPortrait UIInterfaceOrientationLandscapeLeft UIInterfaceOrientationLandscapeRight";
				LD_RUNPATH_SEARCH_PATHS = (
					"$(inherited)",
					"@executable_path/Frameworks",
				);
				MARKETING_VERSION = 1.0;
				PRODUCT_BUNDLE_IDENTIFIER = "com.edts.Poinku-DS";
				PRODUCT_NAME = "$(TARGET_NAME)";
				SWIFT_EMIT_LOC_STRINGS = YES;
				SWIFT_VERSION = 5.0;
				TARGETED_DEVICE_FAMILY = "1,2";
			};
			name = Debug;
		};
		507620542D65BE6F002830BE /* Release */ = {
			isa = XCBuildConfiguration;
			buildSettings = {
				ASSETCATALOG_COMPILER_APPICON_NAME = AppIcon;
				ASSETCATALOG_COMPILER_GLOBAL_ACCENT_COLOR_NAME = AccentColor;
				CODE_SIGN_STYLE = Automatic;
				CURRENT_PROJECT_VERSION = 1;
				DEVELOPMENT_TEAM = MHKJ3B9LJR;
				GENERATE_INFOPLIST_FILE = YES;
				INFOPLIST_FILE = "Poinku-DS/Info.plist";
				INFOPLIST_KEY_UIApplicationSupportsIndirectInputEvents = YES;
				INFOPLIST_KEY_UILaunchStoryboardName = LaunchScreen;
				INFOPLIST_KEY_UIMainStoryboardFile = Main;
				INFOPLIST_KEY_UISupportedInterfaceOrientations_iPad = "UIInterfaceOrientationPortrait UIInterfaceOrientationPortraitUpsideDown UIInterfaceOrientationLandscapeLeft UIInterfaceOrientationLandscapeRight";
				INFOPLIST_KEY_UISupportedInterfaceOrientations_iPhone = "UIInterfaceOrientationPortrait UIInterfaceOrientationLandscapeLeft UIInterfaceOrientationLandscapeRight";
				LD_RUNPATH_SEARCH_PATHS = (
					"$(inherited)",
					"@executable_path/Frameworks",
				);
				MARKETING_VERSION = 1.0;
				PRODUCT_BUNDLE_IDENTIFIER = "com.edts.Poinku-DS";
				PRODUCT_NAME = "$(TARGET_NAME)";
				SWIFT_EMIT_LOC_STRINGS = YES;
				SWIFT_VERSION = 5.0;
				TARGETED_DEVICE_FAMILY = "1,2";
			};
			name = Release;
		};
		507620552D65BE6F002830BE /* Debug */ = {
			isa = XCBuildConfiguration;
			buildSettings = {
				ALWAYS_SEARCH_USER_PATHS = NO;
				ASSETCATALOG_COMPILER_GENERATE_SWIFT_ASSET_SYMBOL_EXTENSIONS = YES;
				CLANG_ANALYZER_NONNULL = YES;
				CLANG_ANALYZER_NUMBER_OBJECT_CONVERSION = YES_AGGRESSIVE;
				CLANG_CXX_LANGUAGE_STANDARD = "gnu++20";
				CLANG_ENABLE_MODULES = YES;
				CLANG_ENABLE_OBJC_ARC = YES;
				CLANG_ENABLE_OBJC_WEAK = YES;
				CLANG_WARN_BLOCK_CAPTURE_AUTORELEASING = YES;
				CLANG_WARN_BOOL_CONVERSION = YES;
				CLANG_WARN_COMMA = YES;
				CLANG_WARN_CONSTANT_CONVERSION = YES;
				CLANG_WARN_DEPRECATED_OBJC_IMPLEMENTATIONS = YES;
				CLANG_WARN_DIRECT_OBJC_ISA_USAGE = YES_ERROR;
				CLANG_WARN_DOCUMENTATION_COMMENTS = YES;
				CLANG_WARN_EMPTY_BODY = YES;
				CLANG_WARN_ENUM_CONVERSION = YES;
				CLANG_WARN_INFINITE_RECURSION = YES;
				CLANG_WARN_INT_CONVERSION = YES;
				CLANG_WARN_NON_LITERAL_NULL_CONVERSION = YES;
				CLANG_WARN_OBJC_IMPLICIT_RETAIN_SELF = YES;
				CLANG_WARN_OBJC_LITERAL_CONVERSION = YES;
				CLANG_WARN_OBJC_ROOT_CLASS = YES_ERROR;
				CLANG_WARN_QUOTED_INCLUDE_IN_FRAMEWORK_HEADER = YES;
				CLANG_WARN_RANGE_LOOP_ANALYSIS = YES;
				CLANG_WARN_STRICT_PROTOTYPES = YES;
				CLANG_WARN_SUSPICIOUS_MOVE = YES;
				CLANG_WARN_UNGUARDED_AVAILABILITY = YES_AGGRESSIVE;
				CLANG_WARN_UNREACHABLE_CODE = YES;
				CLANG_WARN__DUPLICATE_METHOD_MATCH = YES;
				COPY_PHASE_STRIP = NO;
				DEBUG_INFORMATION_FORMAT = dwarf;
				ENABLE_STRICT_OBJC_MSGSEND = YES;
				ENABLE_TESTABILITY = YES;
				ENABLE_USER_SCRIPT_SANDBOXING = YES;
				GCC_C_LANGUAGE_STANDARD = gnu17;
				GCC_DYNAMIC_NO_PIC = NO;
				GCC_NO_COMMON_BLOCKS = YES;
				GCC_OPTIMIZATION_LEVEL = 0;
				GCC_PREPROCESSOR_DEFINITIONS = (
					"DEBUG=1",
					"$(inherited)",
				);
				GCC_WARN_64_TO_32_BIT_CONVERSION = YES;
				GCC_WARN_ABOUT_RETURN_TYPE = YES_ERROR;
				GCC_WARN_UNDECLARED_SELECTOR = YES;
				GCC_WARN_UNINITIALIZED_AUTOS = YES_AGGRESSIVE;
				GCC_WARN_UNUSED_FUNCTION = YES;
				GCC_WARN_UNUSED_VARIABLE = YES;
				IPHONEOS_DEPLOYMENT_TARGET = 18.1;
				LOCALIZATION_PREFERS_STRING_CATALOGS = YES;
				MTL_ENABLE_DEBUG_INFO = INCLUDE_SOURCE;
				MTL_FAST_MATH = YES;
				ONLY_ACTIVE_ARCH = YES;
				SDKROOT = iphoneos;
				SWIFT_ACTIVE_COMPILATION_CONDITIONS = "DEBUG $(inherited)";
				SWIFT_OPTIMIZATION_LEVEL = "-Onone";
			};
			name = Debug;
		};
		507620562D65BE6F002830BE /* Release */ = {
			isa = XCBuildConfiguration;
			buildSettings = {
				ALWAYS_SEARCH_USER_PATHS = NO;
				ASSETCATALOG_COMPILER_GENERATE_SWIFT_ASSET_SYMBOL_EXTENSIONS = YES;
				CLANG_ANALYZER_NONNULL = YES;
				CLANG_ANALYZER_NUMBER_OBJECT_CONVERSION = YES_AGGRESSIVE;
				CLANG_CXX_LANGUAGE_STANDARD = "gnu++20";
				CLANG_ENABLE_MODULES = YES;
				CLANG_ENABLE_OBJC_ARC = YES;
				CLANG_ENABLE_OBJC_WEAK = YES;
				CLANG_WARN_BLOCK_CAPTURE_AUTORELEASING = YES;
				CLANG_WARN_BOOL_CONVERSION = YES;
				CLANG_WARN_COMMA = YES;
				CLANG_WARN_CONSTANT_CONVERSION = YES;
				CLANG_WARN_DEPRECATED_OBJC_IMPLEMENTATIONS = YES;
				CLANG_WARN_DIRECT_OBJC_ISA_USAGE = YES_ERROR;
				CLANG_WARN_DOCUMENTATION_COMMENTS = YES;
				CLANG_WARN_EMPTY_BODY = YES;
				CLANG_WARN_ENUM_CONVERSION = YES;
				CLANG_WARN_INFINITE_RECURSION = YES;
				CLANG_WARN_INT_CONVERSION = YES;
				CLANG_WARN_NON_LITERAL_NULL_CONVERSION = YES;
				CLANG_WARN_OBJC_IMPLICIT_RETAIN_SELF = YES;
				CLANG_WARN_OBJC_LITERAL_CONVERSION = YES;
				CLANG_WARN_OBJC_ROOT_CLASS = YES_ERROR;
				CLANG_WARN_QUOTED_INCLUDE_IN_FRAMEWORK_HEADER = YES;
				CLANG_WARN_RANGE_LOOP_ANALYSIS = YES;
				CLANG_WARN_STRICT_PROTOTYPES = YES;
				CLANG_WARN_SUSPICIOUS_MOVE = YES;
				CLANG_WARN_UNGUARDED_AVAILABILITY = YES_AGGRESSIVE;
				CLANG_WARN_UNREACHABLE_CODE = YES;
				CLANG_WARN__DUPLICATE_METHOD_MATCH = YES;
				COPY_PHASE_STRIP = NO;
				DEBUG_INFORMATION_FORMAT = "dwarf-with-dsym";
				ENABLE_NS_ASSERTIONS = NO;
				ENABLE_STRICT_OBJC_MSGSEND = YES;
				ENABLE_USER_SCRIPT_SANDBOXING = YES;
				GCC_C_LANGUAGE_STANDARD = gnu17;
				GCC_NO_COMMON_BLOCKS = YES;
				GCC_WARN_64_TO_32_BIT_CONVERSION = YES;
				GCC_WARN_ABOUT_RETURN_TYPE = YES_ERROR;
				GCC_WARN_UNDECLARED_SELECTOR = YES;
				GCC_WARN_UNINITIALIZED_AUTOS = YES_AGGRESSIVE;
				GCC_WARN_UNUSED_FUNCTION = YES;
				GCC_WARN_UNUSED_VARIABLE = YES;
				IPHONEOS_DEPLOYMENT_TARGET = 18.1;
				LOCALIZATION_PREFERS_STRING_CATALOGS = YES;
				MTL_ENABLE_DEBUG_INFO = NO;
				MTL_FAST_MATH = YES;
				SDKROOT = iphoneos;
				SWIFT_COMPILATION_MODE = wholemodule;
				VALIDATE_PRODUCT = YES;
			};
			name = Release;
		};
		507620582D65BE6F002830BE /* Debug */ = {
			isa = XCBuildConfiguration;
			buildSettings = {
				BUNDLE_LOADER = "$(TEST_HOST)";
				CODE_SIGN_STYLE = Automatic;
				CURRENT_PROJECT_VERSION = 1;
				DEVELOPMENT_TEAM = MHKJ3B9LJR;
				GENERATE_INFOPLIST_FILE = YES;
				IPHONEOS_DEPLOYMENT_TARGET = 18.1;
				MARKETING_VERSION = 1.0;
				PRODUCT_BUNDLE_IDENTIFIER = "com.edts.Poinku-DSTests";
				PRODUCT_NAME = "$(TARGET_NAME)";
				SWIFT_EMIT_LOC_STRINGS = NO;
				SWIFT_VERSION = 5.0;
				TARGETED_DEVICE_FAMILY = "1,2";
				TEST_HOST = "$(BUILT_PRODUCTS_DIR)/Poinku-DS.app/$(BUNDLE_EXECUTABLE_FOLDER_PATH)/Poinku-DS";
			};
			name = Debug;
		};
		507620592D65BE6F002830BE /* Release */ = {
			isa = XCBuildConfiguration;
			buildSettings = {
				BUNDLE_LOADER = "$(TEST_HOST)";
				CODE_SIGN_STYLE = Automatic;
				CURRENT_PROJECT_VERSION = 1;
				DEVELOPMENT_TEAM = MHKJ3B9LJR;
				GENERATE_INFOPLIST_FILE = YES;
				IPHONEOS_DEPLOYMENT_TARGET = 18.1;
				MARKETING_VERSION = 1.0;
				PRODUCT_BUNDLE_IDENTIFIER = "com.edts.Poinku-DSTests";
				PRODUCT_NAME = "$(TARGET_NAME)";
				SWIFT_EMIT_LOC_STRINGS = NO;
				SWIFT_VERSION = 5.0;
				TARGETED_DEVICE_FAMILY = "1,2";
				TEST_HOST = "$(BUILT_PRODUCTS_DIR)/Poinku-DS.app/$(BUNDLE_EXECUTABLE_FOLDER_PATH)/Poinku-DS";
			};
			name = Release;
		};
		5076205B2D65BE6F002830BE /* Debug */ = {
			isa = XCBuildConfiguration;
			buildSettings = {
				CODE_SIGN_STYLE = Automatic;
				CURRENT_PROJECT_VERSION = 1;
				DEVELOPMENT_TEAM = MHKJ3B9LJR;
				GENERATE_INFOPLIST_FILE = YES;
				MARKETING_VERSION = 1.0;
				PRODUCT_BUNDLE_IDENTIFIER = "com.edts.Poinku-DSUITests";
				PRODUCT_NAME = "$(TARGET_NAME)";
				SWIFT_EMIT_LOC_STRINGS = NO;
				SWIFT_VERSION = 5.0;
				TARGETED_DEVICE_FAMILY = "1,2";
				TEST_TARGET_NAME = "Poinku-DS";
			};
			name = Debug;
		};
		5076205C2D65BE6F002830BE /* Release */ = {
			isa = XCBuildConfiguration;
			buildSettings = {
				CODE_SIGN_STYLE = Automatic;
				CURRENT_PROJECT_VERSION = 1;
				DEVELOPMENT_TEAM = MHKJ3B9LJR;
				GENERATE_INFOPLIST_FILE = YES;
				MARKETING_VERSION = 1.0;
				PRODUCT_BUNDLE_IDENTIFIER = "com.edts.Poinku-DSUITests";
				PRODUCT_NAME = "$(TARGET_NAME)";
				SWIFT_EMIT_LOC_STRINGS = NO;
				SWIFT_VERSION = 5.0;
				TARGETED_DEVICE_FAMILY = "1,2";
				TEST_TARGET_NAME = "Poinku-DS";
			};
			name = Release;
		};
/* End XCBuildConfiguration section */

/* Begin XCConfigurationList section */
		507620242D65BE6E002830BE /* Build configuration list for PBXProject "Poinku-DS" */ = {
			isa = XCConfigurationList;
			buildConfigurations = (
				507620552D65BE6F002830BE /* Debug */,
				507620562D65BE6F002830BE /* Release */,
			);
			defaultConfigurationIsVisible = 0;
			defaultConfigurationName = Release;
		};
		507620522D65BE6F002830BE /* Build configuration list for PBXNativeTarget "Poinku-DS" */ = {
			isa = XCConfigurationList;
			buildConfigurations = (
				507620532D65BE6F002830BE /* Debug */,
				507620542D65BE6F002830BE /* Release */,
			);
			defaultConfigurationIsVisible = 0;
			defaultConfigurationName = Release;
		};
		507620572D65BE6F002830BE /* Build configuration list for PBXNativeTarget "Poinku-DSTests" */ = {
			isa = XCConfigurationList;
			buildConfigurations = (
				507620582D65BE6F002830BE /* Debug */,
				507620592D65BE6F002830BE /* Release */,
			);
			defaultConfigurationIsVisible = 0;
			defaultConfigurationName = Release;
		};
		5076205A2D65BE6F002830BE /* Build configuration list for PBXNativeTarget "Poinku-DSUITests" */ = {
			isa = XCConfigurationList;
			buildConfigurations = (
				5076205B2D65BE6F002830BE /* Debug */,
				5076205C2D65BE6F002830BE /* Release */,
			);
			defaultConfigurationIsVisible = 0;
			defaultConfigurationName = Release;
		};
/* End XCConfigurationList section */
	};
	rootObject = 507620212D65BE6E002830BE /* Project object */;
}
